
Microsoft Visual Studio Solution File, Format Version 12.00
# Visual Studio Version 17
VisualStudioVersion = 17.14.36717.8 d17.14
MinimumVisualStudioVersion = 10.0.40219.1
Project("{FAE04EC0-301F-11D3-BF4B-00C04F79EFBC}") = "QrService.API", "QrService.API\QrService.API.csproj", "{9D5E31D0-4AA7-4BAC-A306-D1B65589ECC9}"
EndProject
Project("{FAE04EC0-301F-11D3-BF4B-00C04F79EFBC}") = "QrService.Application", "QrService.Application\QrService.Application.csproj", "{FA0A9AB8-3584-477B-BB10-3E64309110FA}"
EndProject
Project("{FAE04EC0-301F-11D3-BF4B-00C04F79EFBC}") = "QrService.Infrastructure", "QrService.Infrastructure\QrService.Infrastructure.csproj", "{D1B0B1CE-2C38-446D-838E-431470A09E49}"
EndProject
Project("{FAE04EC0-301F-11D3-BF4B-00C04F79EFBC}") = "QrService.Domain", "QrService.Domain\QrService.Domain.csproj", "{F95DA555-089B-4ADE-8B7A-8F468512B43A}"
EndProject
Global
	GlobalSection(SolutionConfigurationPlatforms) = preSolution
		Debug|Any CPU = Debug|Any CPU
		Release|Any CPU = Release|Any CPU
	EndGlobalSection
	GlobalSection(ProjectConfigurationPlatforms) = postSolution
		{9D5E31D0-4AA7-4BAC-A306-D1B65589ECC9}.Debug|Any CPU.ActiveCfg = Debug|Any CPU
		{9D5E31D0-4AA7-4BAC-A306-D1B65589ECC9}.Debug|Any CPU.Build.0 = Debug|Any CPU
		{9D5E31D0-4AA7-4BAC-A306-D1B65589ECC9}.Release|Any CPU.ActiveCfg = Release|Any CPU
		{9D5E31D0-4AA7-4BAC-A306-D1B65589ECC9}.Release|Any CPU.Build.0 = Release|Any CPU
		{FA0A9AB8-3584-477B-BB10-3E64309110FA}.Debug|Any CPU.ActiveCfg = Debug|Any CPU
		{FA0A9AB8-3584-477B-BB10-3E64309110FA}.Debug|Any CPU.Build.0 = Debug|Any CPU
		{FA0A9AB8-3584-477B-BB10-3E64309110FA}.Release|Any CPU.ActiveCfg = Release|Any CPU
		{FA0A9AB8-3584-477B-BB10-3E64309110FA}.Release|Any CPU.Build.0 = Release|Any CPU
		{D1B0B1CE-2C38-446D-838E-431470A09E49}.Debug|Any CPU.ActiveCfg = Debug|Any CPU
		{D1B0B1CE-2C38-446D-838E-431470A09E49}.Debug|Any CPU.Build.0 = Debug|Any CPU
		{D1B0B1CE-2C38-446D-838E-431470A09E49}.Release|Any CPU.ActiveCfg = Release|Any CPU
		{D1B0B1CE-2C38-446D-838E-431470A09E49}.Release|Any CPU.Build.0 = Release|Any CPU
		{F95DA555-089B-4ADE-8B7A-8F468512B43A}.Debug|Any CPU.ActiveCfg = Debug|Any CPU
		{F95DA555-089B-4ADE-8B7A-8F468512B43A}.Debug|Any CPU.Build.0 = Debug|Any CPU
		{F95DA555-089B-4ADE-8B7A-8F468512B43A}.Release|Any CPU.ActiveCfg = Release|Any CPU
		{F95DA555-089B-4ADE-8B7A-8F468512B43A}.Release|Any CPU.Build.0 = Release|Any CPU
	EndGlobalSection
	GlobalSection(SolutionProperties) = preSolution
		HideSolutionNode = FALSE
	EndGlobalSection
	GlobalSection(ExtensibilityGlobals) = postSolution
		SolutionGuid = {C409EE5F-07CF-4321-83EB-E997F51CCE24}
	EndGlobalSection
EndGlobal
